
Microsoft Visual Studio Solution File, Format Version 12.00
# Visual Studio Version 16
VisualStudioVersion = 16.0.29001.49
MinimumVisualStudioVersion = 10.0.40219.1
Project("{9A19103F-16F7-4668-BE54-9A1E7A4F7556}") = "Lazy.Abp.Ad.Domain.Shared", "src\Lazy.Abp.Ad.Domain.Shared\Lazy.Abp.Ad.Domain.Shared.csproj", "{D64C1577-4929-4B60-939E-96DE1534891A}"
EndProject
Project("{9A19103F-16F7-4668-BE54-9A1E7A4F7556}") = "Lazy.Abp.Ad.Domain", "src\Lazy.Abp.Ad.Domain\Lazy.Abp.Ad.Domain.csproj", "{F2840BC7-0188-4606-9126-DADD0F5ABF7A}"
EndProject
Project("{9A19103F-16F7-4668-BE54-9A1E7A4F7556}") = "Lazy.Abp.Ad.Application.Contracts", "src\Lazy.Abp.Ad.Application.Contracts\Lazy.Abp.Ad.Application.Contracts.csproj", "{BD65D04F-08D5-40C1-8C24-77CA0BACB877}"
EndProject
Project("{9A19103F-16F7-4668-BE54-9A1E7A4F7556}") = "Lazy.Abp.Ad.Application", "src\Lazy.Abp.Ad.Application\Lazy.Abp.Ad.Application.csproj", "{78040F9E-3501-4A40-82DF-00A597710F35}"
EndProject
Project("{2150E333-8FDC-42A3-9474-1A3956D46DE8}") = "src", "src", "{649A3FFA-182F-4E56-9717-E6A9A2BEC545}"
EndProject
Project("{2150E333-8FDC-42A3-9474-1A3956D46DE8}") = "host", "host", "{E400416D-2895-4512-9D17-90681EEC7E0A}"
EndProject
Project("{9A19103F-16F7-4668-BE54-9A1E7A4F7556}") = "Lazy.Abp.Ad.EntityFrameworkCore", "src\Lazy.Abp.Ad.EntityFrameworkCore\Lazy.Abp.Ad.EntityFrameworkCore.csproj", "{0CE86223-D31D-4315-A1F5-87BA3EE1B844}"
EndProject
Project("{9A19103F-16F7-4668-BE54-9A1E7A4F7556}") = "Lazy.Abp.Ad.MongoDB", "src\Lazy.Abp.Ad.MongoDB\Lazy.Abp.Ad.MongoDB.csproj", "{F1C58097-4C08-4D88-8976-6B3389391481}"
EndProject
Project("{9A19103F-16F7-4668-BE54-9A1E7A4F7556}") = "Lazy.Abp.Ad.HttpApi", "src\Lazy.Abp.Ad.HttpApi\Lazy.Abp.Ad.HttpApi.csproj", "{077AA5F8-8B61-420C-A6B5-0150A66FDB34}"
EndProject
Project("{9A19103F-16F7-4668-BE54-9A1E7A4F7556}") = "Lazy.Abp.Ad.HttpApi.Client", "src\Lazy.Abp.Ad.HttpApi.Client\Lazy.Abp.Ad.HttpApi.Client.csproj", "{36E2735F-CEAB-44C8-A6D1-2CDAFF399751}"
EndProject
Project("{9A19103F-16F7-4668-BE54-9A1E7A4F7556}") = "Lazy.Abp.Ad.Web", "src\Lazy.Abp.Ad.Web\Lazy.Abp.Ad.Web.csproj", "{3B7B6317-1B85-4164-8E11-75574F80AE17}"
EndProject
Project("{9A19103F-16F7-4668-BE54-9A1E7A4F7556}") = "Lazy.Abp.Ad.Host.Shared", "host\Lazy.Abp.Ad.Host.Shared\Lazy.Abp.Ad.Host.Shared.csproj", "{F6AC8D4A-EDD7-4514-8E8A-5BCB019864DB}"
EndProject
Project("{9A19103F-16F7-4668-BE54-9A1E7A4F7556}") = "Lazy.Abp.Ad.Web.Unified", "host\Lazy.Abp.Ad.Web.Unified\Lazy.Abp.Ad.Web.Unified.csproj", "{3D872C41-E226-45C8-89C1-9D3DBD7C73F2}"
EndProject
Project("{9A19103F-16F7-4668-BE54-9A1E7A4F7556}") = "Lazy.Abp.Ad.Admin.Application", "src\Lazy.Abp.Ad.Admin.Application\Lazy.Abp.Ad.Admin.Application.csproj", "{AE97BABD-4B75-4A0A-8471-E565F53A7639}"
EndProject
Project("{9A19103F-16F7-4668-BE54-9A1E7A4F7556}") = "Lazy.Abp.Ad.Admin.Application.Contracts", "src\Lazy.Abp.Ad.Admin.Application.Contracts\Lazy.Abp.Ad.Admin.Application.Contracts.csproj", "{F9719FC0-D8BA-4AF3-B4DE-947CD0921C69}"
EndProject
Project("{9A19103F-16F7-4668-BE54-9A1E7A4F7556}") = "Lazy.Abp.Ad.Admin.HttpApi", "src\Lazy.Abp.Ad.Admin.HttpApi\Lazy.Abp.Ad.Admin.HttpApi.csproj", "{BCB743CB-E539-4647-AAFD-1ACB4929A555}"
EndProject
Project("{9A19103F-16F7-4668-BE54-9A1E7A4F7556}") = "Lazy.Abp.Ad.Admin.HttpApi.Client", "src\Lazy.Abp.Ad.Admin.HttpApi.Client\Lazy.Abp.Ad.Admin.HttpApi.Client.csproj", "{63546784-9F55-4AD7-824F-9A700EFFE50D}"
EndProject
Project("{9A19103F-16F7-4668-BE54-9A1E7A4F7556}") = "Lazy.Abp.Ad.HttpApi.Host", "host\Lazy.Abp.Ad.HttpApi.Host\Lazy.Abp.Ad.HttpApi.Host.csproj", "{F12A8AE0-AECB-44DF-B43C-B6AEDF4BBF49}"
EndProject
Global
	GlobalSection(SolutionConfigurationPlatforms) = preSolution
		Debug|Any CPU = Debug|Any CPU
		Release|Any CPU = Release|Any CPU
	EndGlobalSection
	GlobalSection(ProjectConfigurationPlatforms) = postSolution
		{D64C1577-4929-4B60-939E-96DE1534891A}.Debug|Any CPU.ActiveCfg = Debug|Any CPU
		{D64C1577-4929-4B60-939E-96DE1534891A}.Debug|Any CPU.Build.0 = Debug|Any CPU
		{D64C1577-4929-4B60-939E-96DE1534891A}.Release|Any CPU.ActiveCfg = Release|Any CPU
		{D64C1577-4929-4B60-939E-96DE1534891A}.Release|Any CPU.Build.0 = Release|Any CPU
		{F2840BC7-0188-4606-9126-DADD0F5ABF7A}.Debug|Any CPU.ActiveCfg = Debug|Any CPU
		{F2840BC7-0188-4606-9126-DADD0F5ABF7A}.Debug|Any CPU.Build.0 = Debug|Any CPU
		{F2840BC7-0188-4606-9126-DADD0F5ABF7A}.Release|Any CPU.ActiveCfg = Release|Any CPU
		{F2840BC7-0188-4606-9126-DADD0F5ABF7A}.Release|Any CPU.Build.0 = Release|Any CPU
		{BD65D04F-08D5-40C1-8C24-77CA0BACB877}.Debug|Any CPU.ActiveCfg = Debug|Any CPU
		{BD65D04F-08D5-40C1-8C24-77CA0BACB877}.Debug|Any CPU.Build.0 = Debug|Any CPU
		{BD65D04F-08D5-40C1-8C24-77CA0BACB877}.Release|Any CPU.ActiveCfg = Release|Any CPU
		{BD65D04F-08D5-40C1-8C24-77CA0BACB877}.Release|Any CPU.Build.0 = Release|Any CPU
		{78040F9E-3501-4A40-82DF-00A597710F35}.Debug|Any CPU.ActiveCfg = Debug|Any CPU
		{78040F9E-3501-4A40-82DF-00A597710F35}.Debug|Any CPU.Build.0 = Debug|Any CPU
		{78040F9E-3501-4A40-82DF-00A597710F35}.Release|Any CPU.ActiveCfg = Release|Any CPU
		{78040F9E-3501-4A40-82DF-00A597710F35}.Release|Any CPU.Build.0 = Release|Any CPU
		{0CE86223-D31D-4315-A1F5-87BA3EE1B844}.Debug|Any CPU.ActiveCfg = Debug|Any CPU
		{0CE86223-D31D-4315-A1F5-87BA3EE1B844}.Debug|Any CPU.Build.0 = Debug|Any CPU
		{0CE86223-D31D-4315-A1F5-87BA3EE1B844}.Release|Any CPU.ActiveCfg = Release|Any CPU
		{0CE86223-D31D-4315-A1F5-87BA3EE1B844}.Release|Any CPU.Build.0 = Release|Any CPU
		{F1C58097-4C08-4D88-8976-6B3389391481}.Debug|Any CPU.ActiveCfg = Debug|Any CPU
		{F1C58097-4C08-4D88-8976-6B3389391481}.Debug|Any CPU.Build.0 = Debug|Any CPU
		{F1C58097-4C08-4D88-8976-6B3389391481}.Release|Any CPU.ActiveCfg = Release|Any CPU
		{F1C58097-4C08-4D88-8976-6B3389391481}.Release|Any CPU.Build.0 = Release|Any CPU
		{077AA5F8-8B61-420C-A6B5-0150A66FDB34}.Debug|Any CPU.ActiveCfg = Debug|Any CPU
		{077AA5F8-8B61-420C-A6B5-0150A66FDB34}.Debug|Any CPU.Build.0 = Debug|Any CPU
		{077AA5F8-8B61-420C-A6B5-0150A66FDB34}.Release|Any CPU.ActiveCfg = Release|Any CPU
		{077AA5F8-8B61-420C-A6B5-0150A66FDB34}.Release|Any CPU.Build.0 = Release|Any CPU
		{36E2735F-CEAB-44C8-A6D1-2CDAFF399751}.Debug|Any CPU.ActiveCfg = Debug|Any CPU
		{36E2735F-CEAB-44C8-A6D1-2CDAFF399751}.Debug|Any CPU.Build.0 = Debug|Any CPU
		{36E2735F-CEAB-44C8-A6D1-2CDAFF399751}.Release|Any CPU.ActiveCfg = Release|Any CPU
		{36E2735F-CEAB-44C8-A6D1-2CDAFF399751}.Release|Any CPU.Build.0 = Release|Any CPU
		{3B7B6317-1B85-4164-8E11-75574F80AE17}.Debug|Any CPU.ActiveCfg = Debug|Any CPU
		{3B7B6317-1B85-4164-8E11-75574F80AE17}.Debug|Any CPU.Build.0 = Debug|Any CPU
		{3B7B6317-1B85-4164-8E11-75574F80AE17}.Release|Any CPU.ActiveCfg = Release|Any CPU
		{3B7B6317-1B85-4164-8E11-75574F80AE17}.Release|Any CPU.Build.0 = Release|Any CPU
		{F6AC8D4A-EDD7-4514-8E8A-5BCB019864DB}.Debug|Any CPU.ActiveCfg = Debug|Any CPU
		{F6AC8D4A-EDD7-4514-8E8A-5BCB019864DB}.Debug|Any CPU.Build.0 = Debug|Any CPU
		{F6AC8D4A-EDD7-4514-8E8A-5BCB019864DB}.Release|Any CPU.ActiveCfg = Release|Any CPU
		{F6AC8D4A-EDD7-4514-8E8A-5BCB019864DB}.Release|Any CPU.Build.0 = Release|Any CPU
		{3D872C41-E226-45C8-89C1-9D3DBD7C73F2}.Debug|Any CPU.ActiveCfg = Debug|Any CPU
		{3D872C41-E226-45C8-89C1-9D3DBD7C73F2}.Debug|Any CPU.Build.0 = Debug|Any CPU
		{3D872C41-E226-45C8-89C1-9D3DBD7C73F2}.Release|Any CPU.ActiveCfg = Release|Any CPU
		{3D872C41-E226-45C8-89C1-9D3DBD7C73F2}.Release|Any CPU.Build.0 = Release|Any CPU
		{AE97BABD-4B75-4A0A-8471-E565F53A7639}.Debug|Any CPU.ActiveCfg = Debug|Any CPU
		{AE97BABD-4B75-4A0A-8471-E565F53A7639}.Debug|Any CPU.Build.0 = Debug|Any CPU
		{AE97BABD-4B75-4A0A-8471-E565F53A7639}.Release|Any CPU.ActiveCfg = Release|Any CPU
		{AE97BABD-4B75-4A0A-8471-E565F53A7639}.Release|Any CPU.Build.0 = Release|Any CPU
		{F9719FC0-D8BA-4AF3-B4DE-947CD0921C69}.Debug|Any CPU.ActiveCfg = Debug|Any CPU
		{F9719FC0-D8BA-4AF3-B4DE-947CD0921C69}.Debug|Any CPU.Build.0 = Debug|Any CPU
		{F9719FC0-D8BA-4AF3-B4DE-947CD0921C69}.Release|Any CPU.ActiveCfg = Release|Any CPU
		{F9719FC0-D8BA-4AF3-B4DE-947CD0921C69}.Release|Any CPU.Build.0 = Release|Any CPU
		{BCB743CB-E539-4647-AAFD-1ACB4929A555}.Debug|Any CPU.ActiveCfg = Debug|Any CPU
		{BCB743CB-E539-4647-AAFD-1ACB4929A555}.Debug|Any CPU.Build.0 = Debug|Any CPU
		{BCB743CB-E539-4647-AAFD-1ACB4929A555}.Release|Any CPU.ActiveCfg = Release|Any CPU
		{BCB743CB-E539-4647-AAFD-1ACB4929A555}.Release|Any CPU.Build.0 = Release|Any CPU
		{63546784-9F55-4AD7-824F-9A700EFFE50D}.Debug|Any CPU.ActiveCfg = Debug|Any CPU
		{63546784-9F55-4AD7-824F-9A700EFFE50D}.Debug|Any CPU.Build.0 = Debug|Any CPU
		{63546784-9F55-4AD7-824F-9A700EFFE50D}.Release|Any CPU.ActiveCfg = Release|Any CPU
		{63546784-9F55-4AD7-824F-9A700EFFE50D}.Release|Any CPU.Build.0 = Release|Any CPU
		{F12A8AE0-AECB-44DF-B43C-B6AEDF4BBF49}.Debug|Any CPU.ActiveCfg = Debug|Any CPU
		{F12A8AE0-AECB-44DF-B43C-B6AEDF4BBF49}.Debug|Any CPU.Build.0 = Debug|Any CPU
		{F12A8AE0-AECB-44DF-B43C-B6AEDF4BBF49}.Release|Any CPU.ActiveCfg = Release|Any CPU
		{F12A8AE0-AECB-44DF-B43C-B6AEDF4BBF49}.Release|Any CPU.Build.0 = Release|Any CPU
	EndGlobalSection
	GlobalSection(SolutionProperties) = preSolution
		HideSolutionNode = FALSE
	EndGlobalSection
	GlobalSection(NestedProjects) = preSolution
		{D64C1577-4929-4B60-939E-96DE1534891A} = {649A3FFA-182F-4E56-9717-E6A9A2BEC545}
		{F2840BC7-0188-4606-9126-DADD0F5ABF7A} = {649A3FFA-182F-4E56-9717-E6A9A2BEC545}
		{BD65D04F-08D5-40C1-8C24-77CA0BACB877} = {649A3FFA-182F-4E56-9717-E6A9A2BEC545}
		{78040F9E-3501-4A40-82DF-00A597710F35} = {649A3FFA-182F-4E56-9717-E6A9A2BEC545}
		{0CE86223-D31D-4315-A1F5-87BA3EE1B844} = {649A3FFA-182F-4E56-9717-E6A9A2BEC545}
		{F1C58097-4C08-4D88-8976-6B3389391481} = {649A3FFA-182F-4E56-9717-E6A9A2BEC545}
		{077AA5F8-8B61-420C-A6B5-0150A66FDB34} = {649A3FFA-182F-4E56-9717-E6A9A2BEC545}
		{36E2735F-CEAB-44C8-A6D1-2CDAFF399751} = {649A3FFA-182F-4E56-9717-E6A9A2BEC545}
		{3B7B6317-1B85-4164-8E11-75574F80AE17} = {649A3FFA-182F-4E56-9717-E6A9A2BEC545}
		{F6AC8D4A-EDD7-4514-8E8A-5BCB019864DB} = {E400416D-2895-4512-9D17-90681EEC7E0A}
		{3D872C41-E226-45C8-89C1-9D3DBD7C73F2} = {E400416D-2895-4512-9D17-90681EEC7E0A}
		{AE97BABD-4B75-4A0A-8471-E565F53A7639} = {649A3FFA-182F-4E56-9717-E6A9A2BEC545}
		{F9719FC0-D8BA-4AF3-B4DE-947CD0921C69} = {649A3FFA-182F-4E56-9717-E6A9A2BEC545}
		{BCB743CB-E539-4647-AAFD-1ACB4929A555} = {649A3FFA-182F-4E56-9717-E6A9A2BEC545}
		{63546784-9F55-4AD7-824F-9A700EFFE50D} = {649A3FFA-182F-4E56-9717-E6A9A2BEC545}
		{F12A8AE0-AECB-44DF-B43C-B6AEDF4BBF49} = {E400416D-2895-4512-9D17-90681EEC7E0A}
	EndGlobalSection
	GlobalSection(ExtensibilityGlobals) = postSolution
		SolutionGuid = {4324B3B4-B60B-4E3C-91D8-59576B4E26DD}
	EndGlobalSection
EndGlobal
